
Microsoft Visual Studio Solution File, Format Version 12.00
# Visual Studio 15
Project("{FAE04EC0-301F-11D3-BF4B-00C04F79EFBC}") = "UnityEngine.UI", "UnityEngine.UI.csproj", "{A95F2BD9-A54A-6130-A2EE-EB8385B7DB94}"
EndProject
Project("{FAE04EC0-301F-11D3-BF4B-00C04F79EFBC}") = "UnityEngine.TestRunner", "UnityEngine.TestRunner.csproj", "{E06C7E56-C131-6834-A2C0-684C7C2B63DB}"
EndProject
Project("{FAE04EC0-301F-11D3-BF4B-00C04F79EFBC}") = "Unity.VisualScripting.Flow", "Unity.VisualScripting.Flow.csproj", "{A0E13C33-769E-7547-4CF5-8AB234340394}"
EndProject
Project("{FAE04EC0-301F-11D3-BF4B-00C04F79EFBC}") = "Unity.InputSystem", "Unity.InputSystem.csproj", "{B39561D8-2E5A-6C46-96CA-FB23997DED41}"
EndProject
Project("{FAE04EC0-301F-11D3-BF4B-00C04F79EFBC}") = "Unity.VisualScripting.State", "Unity.VisualScripting.State.csproj", "{14946FC6-2AF0-B1CE-5A9D-A8AED1BA7E90}"
EndProject
Project("{FAE04EC0-301F-11D3-BF4B-00C04F79EFBC}") = "Unity.VisualScripting.Core", "Unity.VisualScripting.Core.csproj", "{FEB2D8BA-D33C-D6AE-E597-E19B92195ABD}"
EndProject
Project("{FAE04EC0-301F-11D3-BF4B-00C04F79EFBC}") = "Unity.TextMeshPro", "Unity.TextMeshPro.csproj", "{D0F5B150-5D23-1A27-FCD3-ADC26EDA57AA}"
EndProject
Project("{FAE04EC0-301F-11D3-BF4B-00C04F79EFBC}") = "Cinemachine", "Cinemachine.csproj", "{7E4A13B5-96C3-14B7-8422-0B2C5BD71153}"
EndProject
Project("{FAE04EC0-301F-11D3-BF4B-00C04F79EFBC}") = "Unity.Timeline", "Unity.Timeline.csproj", "{6D3E9D9A-4281-F2EC-AC99-0896F31860E2}"
EndProject
Project("{FAE04EC0-301F-11D3-BF4B-00C04F79EFBC}") = "Assembly-CSharp", "Assembly-CSharp.csproj", "{F5D6FB6C-CFD0-854D-C87F-7F7CA5F19583}"
EndProject
Project("{FAE04EC0-301F-11D3-BF4B-00C04F79EFBC}") = "Unity.InputSystem.ForUI", "Unity.InputSystem.ForUI.csproj", "{58ECA924-408E-970B-9E1F-5FE5193F9155}"
EndProject
Project("{FAE04EC0-301F-11D3-BF4B-00C04F79EFBC}") = "Unity.InputSystem.TestFramework", "Unity.InputSystem.TestFramework.csproj", "{A6FF1626-F1D2-AB19-63E0-DE33CF3E7DB3}"
EndProject
Project("{FAE04EC0-301F-11D3-BF4B-00C04F79EFBC}") = "Unity.PlasticSCM.Editor", "Unity.PlasticSCM.Editor.csproj", "{195FC789-812A-E10A-92C8-9015966005DB}"
EndProject
Project("{FAE04EC0-301F-11D3-BF4B-00C04F79EFBC}") = "Unity.VisualScripting.Core.Editor", "Unity.VisualScripting.Core.Editor.csproj", "{1D9F7EA8-12FD-3EA9-9629-15B8A3D1913C}"
EndProject
Project("{FAE04EC0-301F-11D3-BF4B-00C04F79EFBC}") = "Unity.VisualScripting.Flow.Editor", "Unity.VisualScripting.Flow.Editor.csproj", "{558ADCED-0B36-0FD2-5074-C588E4744753}"
EndProject
Project("{FAE04EC0-301F-11D3-BF4B-00C04F79EFBC}") = "Unity.VisualStudio.Editor", "Unity.VisualStudio.Editor.csproj", "{485BAD4A-D27E-1146-EBF1-B7A767913654}"
EndProject
Project("{FAE04EC0-301F-11D3-BF4B-00C04F79EFBC}") = "Unity.Timeline.Editor", "Unity.Timeline.Editor.csproj", "{E4360662-8249-E00F-6D32-E256B7B01D31}"
EndProject
Project("{FAE04EC0-301F-11D3-BF4B-00C04F79EFBC}") = "com.unity.cinemachine.editor", "com.unity.cinemachine.editor.csproj", "{7380F88C-03E4-BC87-0CC2-119C7E564FB5}"
EndProject
Project("{FAE04EC0-301F-11D3-BF4B-00C04F79EFBC}") = "Unity.VisualScripting.State.Editor", "Unity.VisualScripting.State.Editor.csproj", "{28D4967E-750E-753C-7767-1112D087849F}"
EndProject
Project("{FAE04EC0-301F-11D3-BF4B-00C04F79EFBC}") = "Unity.TextMeshPro.Editor", "Unity.TextMeshPro.Editor.csproj", "{FBBF52EC-20C2-CA85-7F7D-D6C1802F2D00}"
EndProject
Project("{FAE04EC0-301F-11D3-BF4B-00C04F79EFBC}") = "Unity.VisualScripting.SettingsProvider.Editor", "Unity.VisualScripting.SettingsProvider.Editor.csproj", "{75A613D7-C7E8-900C-B7EF-32260BD7092A}"
EndProject
Project("{FAE04EC0-301F-11D3-BF4B-00C04F79EFBC}") = "UnityEditor.TestRunner", "UnityEditor.TestRunner.csproj", "{E150FD5E-F84E-F99A-C145-9AF6C0F2FD1F}"
EndProject
Project("{FAE04EC0-301F-11D3-BF4B-00C04F79EFBC}") = "Unity.TestTools.CodeCoverage.Editor", "Unity.TestTools.CodeCoverage.Editor.csproj", "{E94C01D6-44E3-E9EC-2511-5C76B53973D9}"
EndProject
Project("{FAE04EC0-301F-11D3-BF4B-00C04F79EFBC}") = "Unity.Rider.Editor", "Unity.Rider.Editor.csproj", "{8009081A-F37D-CCB3-F1DC-ACCF5D505941}"
EndProject
Project("{FAE04EC0-301F-11D3-BF4B-00C04F79EFBC}") = "Assembly-CSharp-Editor", "Assembly-CSharp-Editor.csproj", "{D916EFD9-603C-DC77-BDDB-406BB5D5DD1E}"
EndProject
Project("{FAE04EC0-301F-11D3-BF4B-00C04F79EFBC}") = "Unity.Performance.Profile-Analyzer.Editor", "Unity.Performance.Profile-Analyzer.Editor.csproj", "{9BC56B0D-1255-4BB6-D2BB-97D988367EEF}"
EndProject
Project("{FAE04EC0-301F-11D3-BF4B-00C04F79EFBC}") = "Unity.VSCode.Editor", "Unity.VSCode.Editor.csproj", "{1F392E04-C4F1-DF7E-7E7A-0A85220BB896}"
EndProject
Project("{FAE04EC0-301F-11D3-BF4B-00C04F79EFBC}") = "UnityEditor.UI", "UnityEditor.UI.csproj", "{90F19472-F24C-7201-8E70-52D4EE6C64C3}"
EndProject
Project("{FAE04EC0-301F-11D3-BF4B-00C04F79EFBC}") = "Unity.TestTools.CodeCoverage.Editor.OpenCover.Model", "Unity.TestTools.CodeCoverage.Editor.OpenCover.Model.csproj", "{7C97FEA7-B4C9-B8F8-C7CD-9C9FC2BD31EF}"
EndProject
Project("{FAE04EC0-301F-11D3-BF4B-00C04F79EFBC}") = "Unity.EditorCoroutines.Editor", "Unity.EditorCoroutines.Editor.csproj", "{BD620C80-2BC8-35EA-5E42-147969FAF370}"
EndProject
Project("{FAE04EC0-301F-11D3-BF4B-00C04F79EFBC}") = "Unity.Settings.Editor", "Unity.Settings.Editor.csproj", "{0A023038-A257-A4F9-6FFF-D6ED86262510}"
EndProject
Project("{FAE04EC0-301F-11D3-BF4B-00C04F79EFBC}") = "Unity.CollabProxy.Editor", "Unity.CollabProxy.Editor.csproj", "{71C10911-91B8-79BA-6BAD-93D10F24172B}"
EndProject
Project("{FAE04EC0-301F-11D3-BF4B-00C04F79EFBC}") = "Unity.TestTools.CodeCoverage.Editor.OpenCover.Mono.Reflection", "Unity.TestTools.CodeCoverage.Editor.OpenCover.Mono.Reflection.csproj", "{CDAB460F-8460-0E57-EFBE-7C49347E18F3}"
EndProject
Project("{FAE04EC0-301F-11D3-BF4B-00C04F79EFBC}") = "Unity.VisualScripting.Shared.Editor", "Unity.VisualScripting.Shared.Editor.csproj", "{419C0257-D0DE-333E-70AA-7894055082B0}"
EndProject
Project("{FAE04EC0-301F-11D3-BF4B-00C04F79EFBC}") = "UnityEngine.UI", "UnityEngine.UI.Player.csproj", "{1F4E90D5-A4E2-775F-C8F4-75BAA40017B2}"
EndProject
Project("{FAE04EC0-301F-11D3-BF4B-00C04F79EFBC}") = "UnityEngine.TestRunner", "UnityEngine.TestRunner.Player.csproj", "{13138D45-210F-38E7-497E-B6D69543EE1F}"
EndProject
Project("{FAE04EC0-301F-11D3-BF4B-00C04F79EFBC}") = "Unity.VisualScripting.Flow", "Unity.VisualScripting.Flow.Player.csproj", "{80E913D8-4E4D-37C9-E8E7-691C79ED411F}"
EndProject
Project("{FAE04EC0-301F-11D3-BF4B-00C04F79EFBC}") = "Unity.InputSystem", "Unity.InputSystem.Player.csproj", "{31004D48-6A6C-D6B7-DCE6-9F03253D7D67}"
EndProject
Project("{FAE04EC0-301F-11D3-BF4B-00C04F79EFBC}") = "Unity.VisualScripting.State", "Unity.VisualScripting.State.Player.csproj", "{EB3C55E8-BCB7-3CCE-1358-D6FE1C94D116}"
EndProject
Project("{FAE04EC0-301F-11D3-BF4B-00C04F79EFBC}") = "Unity.VisualScripting.Core", "Unity.VisualScripting.Core.Player.csproj", "{DA452FA1-0E88-A322-B38A-42C9D7D18AD9}"
EndProject
Project("{FAE04EC0-301F-11D3-BF4B-00C04F79EFBC}") = "Unity.TextMeshPro", "Unity.TextMeshPro.Player.csproj", "{798DCC74-39D7-0702-DB17-58FE628123BE}"
EndProject
Project("{FAE04EC0-301F-11D3-BF4B-00C04F79EFBC}") = "Cinemachine", "Cinemachine.Player.csproj", "{0324133A-C793-1D33-E8AE-D26AC44779CF}"
EndProject
Project("{FAE04EC0-301F-11D3-BF4B-00C04F79EFBC}") = "Unity.Timeline", "Unity.Timeline.Player.csproj", "{FDBB485A-9470-4009-2759-80410588DC73}"
EndProject
Project("{FAE04EC0-301F-11D3-BF4B-00C04F79EFBC}") = "Assembly-CSharp", "Assembly-CSharp.Player.csproj", "{3574B791-579B-6BE7-A07B-EC6D6223C0F2}"
EndProject
Project("{FAE04EC0-301F-11D3-BF4B-00C04F79EFBC}") = "Unity.InputSystem.ForUI", "Unity.InputSystem.ForUI.Player.csproj", "{C1FE3649-9624-D1C3-6675-B50A9AD8498A}"
EndProject
Project("{FAE04EC0-301F-11D3-BF4B-00C04F79EFBC}") = "Unity.InputSystem.TestFramework", "Unity.InputSystem.TestFramework.Player.csproj", "{01C9EE70-929E-9397-9E76-42A12692636F}"
EndProject
Global
	GlobalSection(SolutionConfigurationPlatforms) = preSolution
		Debug|Any CPU = Debug|Any CPU
		Release|Any CPU = Release|Any CPU
	EndGlobalSection
	GlobalSection(ProjectConfigurationPlatforms) = postSolution
		{A95F2BD9-A54A-6130-A2EE-EB8385B7DB94}.Debug|Any CPU.ActiveCfg = Debug|Any CPU
		{A95F2BD9-A54A-6130-A2EE-EB8385B7DB94}.Debug|Any CPU.Build.0 = Debug|Any CPU
		{A95F2BD9-A54A-6130-A2EE-EB8385B7DB94}.Release|Any CPU.ActiveCfg = Release|Any CPU
		{A95F2BD9-A54A-6130-A2EE-EB8385B7DB94}.Release|Any CPU.Build.0 = Release|Any CPU
		{E06C7E56-C131-6834-A2C0-684C7C2B63DB}.Debug|Any CPU.ActiveCfg = Debug|Any CPU
		{E06C7E56-C131-6834-A2C0-684C7C2B63DB}.Debug|Any CPU.Build.0 = Debug|Any CPU
		{E06C7E56-C131-6834-A2C0-684C7C2B63DB}.Release|Any CPU.ActiveCfg = Release|Any CPU
		{E06C7E56-C131-6834-A2C0-684C7C2B63DB}.Release|Any CPU.Build.0 = Release|Any CPU
		{A0E13C33-769E-7547-4CF5-8AB234340394}.Debug|Any CPU.ActiveCfg = Debug|Any CPU
		{A0E13C33-769E-7547-4CF5-8AB234340394}.Debug|Any CPU.Build.0 = Debug|Any CPU
		{A0E13C33-769E-7547-4CF5-8AB234340394}.Release|Any CPU.ActiveCfg = Release|Any CPU
		{A0E13C33-769E-7547-4CF5-8AB234340394}.Release|Any CPU.Build.0 = Release|Any CPU
		{B39561D8-2E5A-6C46-96CA-FB23997DED41}.Debug|Any CPU.ActiveCfg = Debug|Any CPU
		{B39561D8-2E5A-6C46-96CA-FB23997DED41}.Debug|Any CPU.Build.0 = Debug|Any CPU
		{B39561D8-2E5A-6C46-96CA-FB23997DED41}.Release|Any CPU.ActiveCfg = Release|Any CPU
		{B39561D8-2E5A-6C46-96CA-FB23997DED41}.Release|Any CPU.Build.0 = Release|Any CPU
		{14946FC6-2AF0-B1CE-5A9D-A8AED1BA7E90}.Debug|Any CPU.ActiveCfg = Debug|Any CPU
		{14946FC6-2AF0-B1CE-5A9D-A8AED1BA7E90}.Debug|Any CPU.Build.0 = Debug|Any CPU
		{14946FC6-2AF0-B1CE-5A9D-A8AED1BA7E90}.Release|Any CPU.ActiveCfg = Release|Any CPU
		{14946FC6-2AF0-B1CE-5A9D-A8AED1BA7E90}.Release|Any CPU.Build.0 = Release|Any CPU
		{FEB2D8BA-D33C-D6AE-E597-E19B92195ABD}.Debug|Any CPU.ActiveCfg = Debug|Any CPU
		{FEB2D8BA-D33C-D6AE-E597-E19B92195ABD}.Debug|Any CPU.Build.0 = Debug|Any CPU
		{FEB2D8BA-D33C-D6AE-E597-E19B92195ABD}.Release|Any CPU.ActiveCfg = Release|Any CPU
		{FEB2D8BA-D33C-D6AE-E597-E19B92195ABD}.Release|Any CPU.Build.0 = Release|Any CPU
		{D0F5B150-5D23-1A27-FCD3-ADC26EDA57AA}.Debug|Any CPU.ActiveCfg = Debug|Any CPU
		{D0F5B150-5D23-1A27-FCD3-ADC26EDA57AA}.Debug|Any CPU.Build.0 = Debug|Any CPU
		{D0F5B150-5D23-1A27-FCD3-ADC26EDA57AA}.Release|Any CPU.ActiveCfg = Release|Any CPU
		{D0F5B150-5D23-1A27-FCD3-ADC26EDA57AA}.Release|Any CPU.Build.0 = Release|Any CPU
		{7E4A13B5-96C3-14B7-8422-0B2C5BD71153}.Debug|Any CPU.ActiveCfg = Debug|Any CPU
		{7E4A13B5-96C3-14B7-8422-0B2C5BD71153}.Debug|Any CPU.Build.0 = Debug|Any CPU
		{7E4A13B5-96C3-14B7-8422-0B2C5BD71153}.Release|Any CPU.ActiveCfg = Release|Any CPU
		{7E4A13B5-96C3-14B7-8422-0B2C5BD71153}.Release|Any CPU.Build.0 = Release|Any CPU
		{6D3E9D9A-4281-F2EC-AC99-0896F31860E2}.Debug|Any CPU.ActiveCfg = Debug|Any CPU
		{6D3E9D9A-4281-F2EC-AC99-0896F31860E2}.Debug|Any CPU.Build.0 = Debug|Any CPU
		{6D3E9D9A-4281-F2EC-AC99-0896F31860E2}.Release|Any CPU.ActiveCfg = Release|Any CPU
		{6D3E9D9A-4281-F2EC-AC99-0896F31860E2}.Release|Any CPU.Build.0 = Release|Any CPU
		{F5D6FB6C-CFD0-854D-C87F-7F7CA5F19583}.Debug|Any CPU.ActiveCfg = Debug|Any CPU
		{F5D6FB6C-CFD0-854D-C87F-7F7CA5F19583}.Debug|Any CPU.Build.0 = Debug|Any CPU
		{F5D6FB6C-CFD0-854D-C87F-7F7CA5F19583}.Release|Any CPU.ActiveCfg = Release|Any CPU
		{F5D6FB6C-CFD0-854D-C87F-7F7CA5F19583}.Release|Any CPU.Build.0 = Release|Any CPU
		{58ECA924-408E-970B-9E1F-5FE5193F9155}.Debug|Any CPU.ActiveCfg = Debug|Any CPU
		{58ECA924-408E-970B-9E1F-5FE5193F9155}.Debug|Any CPU.Build.0 = Debug|Any CPU
		{58ECA924-408E-970B-9E1F-5FE5193F9155}.Release|Any CPU.ActiveCfg = Release|Any CPU
		{58ECA924-408E-970B-9E1F-5FE5193F9155}.Release|Any CPU.Build.0 = Release|Any CPU
		{A6FF1626-F1D2-AB19-63E0-DE33CF3E7DB3}.Debug|Any CPU.ActiveCfg = Debug|Any CPU
		{A6FF1626-F1D2-AB19-63E0-DE33CF3E7DB3}.Debug|Any CPU.Build.0 = Debug|Any CPU
		{A6FF1626-F1D2-AB19-63E0-DE33CF3E7DB3}.Release|Any CPU.ActiveCfg = Release|Any CPU
		{A6FF1626-F1D2-AB19-63E0-DE33CF3E7DB3}.Release|Any CPU.Build.0 = Release|Any CPU
		{195FC789-812A-E10A-92C8-9015966005DB}.Debug|Any CPU.ActiveCfg = Debug|Any CPU
		{195FC789-812A-E10A-92C8-9015966005DB}.Debug|Any CPU.Build.0 = Debug|Any CPU
		{195FC789-812A-E10A-92C8-9015966005DB}.Release|Any CPU.ActiveCfg = Release|Any CPU
		{195FC789-812A-E10A-92C8-9015966005DB}.Release|Any CPU.Build.0 = Release|Any CPU
		{1D9F7EA8-12FD-3EA9-9629-15B8A3D1913C}.Debug|Any CPU.ActiveCfg = Debug|Any CPU
		{1D9F7EA8-12FD-3EA9-9629-15B8A3D1913C}.Debug|Any CPU.Build.0 = Debug|Any CPU
		{1D9F7EA8-12FD-3EA9-9629-15B8A3D1913C}.Release|Any CPU.ActiveCfg = Release|Any CPU
		{1D9F7EA8-12FD-3EA9-9629-15B8A3D1913C}.Release|Any CPU.Build.0 = Release|Any CPU
		{558ADCED-0B36-0FD2-5074-C588E4744753}.Debug|Any CPU.ActiveCfg = Debug|Any CPU
		{558ADCED-0B36-0FD2-5074-C588E4744753}.Debug|Any CPU.Build.0 = Debug|Any CPU
		{558ADCED-0B36-0FD2-5074-C588E4744753}.Release|Any CPU.ActiveCfg = Release|Any CPU
		{558ADCED-0B36-0FD2-5074-C588E4744753}.Release|Any CPU.Build.0 = Release|Any CPU
		{485BAD4A-D27E-1146-EBF1-B7A767913654}.Debug|Any CPU.ActiveCfg = Debug|Any CPU
		{485BAD4A-D27E-1146-EBF1-B7A767913654}.Debug|Any CPU.Build.0 = Debug|Any CPU
		{485BAD4A-D27E-1146-EBF1-B7A767913654}.Release|Any CPU.ActiveCfg = Release|Any CPU
		{485BAD4A-D27E-1146-EBF1-B7A767913654}.Release|Any CPU.Build.0 = Release|Any CPU
		{E4360662-8249-E00F-6D32-E256B7B01D31}.Debug|Any CPU.ActiveCfg = Debug|Any CPU
		{E4360662-8249-E00F-6D32-E256B7B01D31}.Debug|Any CPU.Build.0 = Debug|Any CPU
		{E4360662-8249-E00F-6D32-E256B7B01D31}.Release|Any CPU.ActiveCfg = Release|Any CPU
		{E4360662-8249-E00F-6D32-E256B7B01D31}.Release|Any CPU.Build.0 = Release|Any CPU
		{7380F88C-03E4-BC87-0CC2-119C7E564FB5}.Debug|Any CPU.ActiveCfg = Debug|Any CPU
		{7380F88C-03E4-BC87-0CC2-119C7E564FB5}.Debug|Any CPU.Build.0 = Debug|Any CPU
		{7380F88C-03E4-BC87-0CC2-119C7E564FB5}.Release|Any CPU.ActiveCfg = Release|Any CPU
		{7380F88C-03E4-BC87-0CC2-119C7E564FB5}.Release|Any CPU.Build.0 = Release|Any CPU
		{28D4967E-750E-753C-7767-1112D087849F}.Debug|Any CPU.ActiveCfg = Debug|Any CPU
		{28D4967E-750E-753C-7767-1112D087849F}.Debug|Any CPU.Build.0 = Debug|Any CPU
		{28D4967E-750E-753C-7767-1112D087849F}.Release|Any CPU.ActiveCfg = Release|Any CPU
		{28D4967E-750E-753C-7767-1112D087849F}.Release|Any CPU.Build.0 = Release|Any CPU
		{FBBF52EC-20C2-CA85-7F7D-D6C1802F2D00}.Debug|Any CPU.ActiveCfg = Debug|Any CPU
		{FBBF52EC-20C2-CA85-7F7D-D6C1802F2D00}.Debug|Any CPU.Build.0 = Debug|Any CPU
		{FBBF52EC-20C2-CA85-7F7D-D6C1802F2D00}.Release|Any CPU.ActiveCfg = Release|Any CPU
		{FBBF52EC-20C2-CA85-7F7D-D6C1802F2D00}.Release|Any CPU.Build.0 = Release|Any CPU
		{75A613D7-C7E8-900C-B7EF-32260BD7092A}.Debug|Any CPU.ActiveCfg = Debug|Any CPU
		{75A613D7-C7E8-900C-B7EF-32260BD7092A}.Debug|Any CPU.Build.0 = Debug|Any CPU
		{75A613D7-C7E8-900C-B7EF-32260BD7092A}.Release|Any CPU.ActiveCfg = Release|Any CPU
		{75A613D7-C7E8-900C-B7EF-32260BD7092A}.Release|Any CPU.Build.0 = Release|Any CPU
		{E150FD5E-F84E-F99A-C145-9AF6C0F2FD1F}.Debug|Any CPU.ActiveCfg = Debug|Any CPU
		{E150FD5E-F84E-F99A-C145-9AF6C0F2FD1F}.Debug|Any CPU.Build.0 = Debug|Any CPU
		{E150FD5E-F84E-F99A-C145-9AF6C0F2FD1F}.Release|Any CPU.ActiveCfg = Release|Any CPU
		{E150FD5E-F84E-F99A-C145-9AF6C0F2FD1F}.Release|Any CPU.Build.0 = Release|Any CPU
		{E94C01D6-44E3-E9EC-2511-5C76B53973D9}.Debug|Any CPU.ActiveCfg = Debug|Any CPU
		{E94C01D6-44E3-E9EC-2511-5C76B53973D9}.Debug|Any CPU.Build.0 = Debug|Any CPU
		{E94C01D6-44E3-E9EC-2511-5C76B53973D9}.Release|Any CPU.ActiveCfg = Release|Any CPU
		{E94C01D6-44E3-E9EC-2511-5C76B53973D9}.Release|Any CPU.Build.0 = Release|Any CPU
		{8009081A-F37D-CCB3-F1DC-ACCF5D505941}.Debug|Any CPU.ActiveCfg = Debug|Any CPU
		{8009081A-F37D-CCB3-F1DC-ACCF5D505941}.Debug|Any CPU.Build.0 = Debug|Any CPU
		{8009081A-F37D-CCB3-F1DC-ACCF5D505941}.Release|Any CPU.ActiveCfg = Release|Any CPU
		{8009081A-F37D-CCB3-F1DC-ACCF5D505941}.Release|Any CPU.Build.0 = Release|Any CPU
		{D916EFD9-603C-DC77-BDDB-406BB5D5DD1E}.Debug|Any CPU.ActiveCfg = Debug|Any CPU
		{D916EFD9-603C-DC77-BDDB-406BB5D5DD1E}.Debug|Any CPU.Build.0 = Debug|Any CPU
		{D916EFD9-603C-DC77-BDDB-406BB5D5DD1E}.Release|Any CPU.ActiveCfg = Release|Any CPU
		{D916EFD9-603C-DC77-BDDB-406BB5D5DD1E}.Release|Any CPU.Build.0 = Release|Any CPU
		{9BC56B0D-1255-4BB6-D2BB-97D988367EEF}.Debug|Any CPU.ActiveCfg = Debug|Any CPU
		{9BC56B0D-1255-4BB6-D2BB-97D988367EEF}.Debug|Any CPU.Build.0 = Debug|Any CPU
		{9BC56B0D-1255-4BB6-D2BB-97D988367EEF}.Release|Any CPU.ActiveCfg = Release|Any CPU
		{9BC56B0D-1255-4BB6-D2BB-97D988367EEF}.Release|Any CPU.Build.0 = Release|Any CPU
		{1F392E04-C4F1-DF7E-7E7A-0A85220BB896}.Debug|Any CPU.ActiveCfg = Debug|Any CPU
		{1F392E04-C4F1-DF7E-7E7A-0A85220BB896}.Debug|Any CPU.Build.0 = Debug|Any CPU
		{1F392E04-C4F1-DF7E-7E7A-0A85220BB896}.Release|Any CPU.ActiveCfg = Release|Any CPU
		{1F392E04-C4F1-DF7E-7E7A-0A85220BB896}.Release|Any CPU.Build.0 = Release|Any CPU
		{90F19472-F24C-7201-8E70-52D4EE6C64C3}.Debug|Any CPU.ActiveCfg = Debug|Any CPU
		{90F19472-F24C-7201-8E70-52D4EE6C64C3}.Debug|Any CPU.Build.0 = Debug|Any CPU
		{90F19472-F24C-7201-8E70-52D4EE6C64C3}.Release|Any CPU.ActiveCfg = Release|Any CPU
		{90F19472-F24C-7201-8E70-52D4EE6C64C3}.Release|Any CPU.Build.0 = Release|Any CPU
		{7C97FEA7-B4C9-B8F8-C7CD-9C9FC2BD31EF}.Debug|Any CPU.ActiveCfg = Debug|Any CPU
		{7C97FEA7-B4C9-B8F8-C7CD-9C9FC2BD31EF}.Debug|Any CPU.Build.0 = Debug|Any CPU
		{7C97FEA7-B4C9-B8F8-C7CD-9C9FC2BD31EF}.Release|Any CPU.ActiveCfg = Release|Any CPU
		{7C97FEA7-B4C9-B8F8-C7CD-9C9FC2BD31EF}.Release|Any CPU.Build.0 = Release|Any CPU
		{BD620C80-2BC8-35EA-5E42-147969FAF370}.Debug|Any CPU.ActiveCfg = Debug|Any CPU
		{BD620C80-2BC8-35EA-5E42-147969FAF370}.Debug|Any CPU.Build.0 = Debug|Any CPU
		{BD620C80-2BC8-35EA-5E42-147969FAF370}.Release|Any CPU.ActiveCfg = Release|Any CPU
		{BD620C80-2BC8-35EA-5E42-147969FAF370}.Release|Any CPU.Build.0 = Release|Any CPU
		{0A023038-A257-A4F9-6FFF-D6ED86262510}.Debug|Any CPU.ActiveCfg = Debug|Any CPU
		{0A023038-A257-A4F9-6FFF-D6ED86262510}.Debug|Any CPU.Build.0 = Debug|Any CPU
		{0A023038-A257-A4F9-6FFF-D6ED86262510}.Release|Any CPU.ActiveCfg = Release|Any CPU
		{0A023038-A257-A4F9-6FFF-D6ED86262510}.Release|Any CPU.Build.0 = Release|Any CPU
		{71C10911-91B8-79BA-6BAD-93D10F24172B}.Debug|Any CPU.ActiveCfg = Debug|Any CPU
		{71C10911-91B8-79BA-6BAD-93D10F24172B}.Debug|Any CPU.Build.0 = Debug|Any CPU
		{71C10911-91B8-79BA-6BAD-93D10F24172B}.Release|Any CPU.ActiveCfg = Release|Any CPU
		{71C10911-91B8-79BA-6BAD-93D10F24172B}.Release|Any CPU.Build.0 = Release|Any CPU
		{CDAB460F-8460-0E57-EFBE-7C49347E18F3}.Debug|Any CPU.ActiveCfg = Debug|Any CPU
		{CDAB460F-8460-0E57-EFBE-7C49347E18F3}.Debug|Any CPU.Build.0 = Debug|Any CPU
		{CDAB460F-8460-0E57-EFBE-7C49347E18F3}.Release|Any CPU.ActiveCfg = Release|Any CPU
		{CDAB460F-8460-0E57-EFBE-7C49347E18F3}.Release|Any CPU.Build.0 = Release|Any CPU
		{419C0257-D0DE-333E-70AA-7894055082B0}.Debug|Any CPU.ActiveCfg = Debug|Any CPU
		{419C0257-D0DE-333E-70AA-7894055082B0}.Debug|Any CPU.Build.0 = Debug|Any CPU
		{419C0257-D0DE-333E-70AA-7894055082B0}.Release|Any CPU.ActiveCfg = Release|Any CPU
		{419C0257-D0DE-333E-70AA-7894055082B0}.Release|Any CPU.Build.0 = Release|Any CPU
		{1F4E90D5-A4E2-775F-C8F4-75BAA40017B2}.Debug|Any CPU.ActiveCfg = Debug|Any CPU
		{1F4E90D5-A4E2-775F-C8F4-75BAA40017B2}.Debug|Any CPU.Build.0 = Debug|Any CPU
		{1F4E90D5-A4E2-775F-C8F4-75BAA40017B2}.Release|Any CPU.ActiveCfg = Release|Any CPU
		{1F4E90D5-A4E2-775F-C8F4-75BAA40017B2}.Release|Any CPU.Build.0 = Release|Any CPU
		{13138D45-210F-38E7-497E-B6D69543EE1F}.Debug|Any CPU.ActiveCfg = Debug|Any CPU
		{13138D45-210F-38E7-497E-B6D69543EE1F}.Debug|Any CPU.Build.0 = Debug|Any CPU
		{13138D45-210F-38E7-497E-B6D69543EE1F}.Release|Any CPU.ActiveCfg = Release|Any CPU
		{13138D45-210F-38E7-497E-B6D69543EE1F}.Release|Any CPU.Build.0 = Release|Any CPU
		{80E913D8-4E4D-37C9-E8E7-691C79ED411F}.Debug|Any CPU.ActiveCfg = Debug|Any CPU
		{80E913D8-4E4D-37C9-E8E7-691C79ED411F}.Debug|Any CPU.Build.0 = Debug|Any CPU
		{80E913D8-4E4D-37C9-E8E7-691C79ED411F}.Release|Any CPU.ActiveCfg = Release|Any CPU
		{80E913D8-4E4D-37C9-E8E7-691C79ED411F}.Release|Any CPU.Build.0 = Release|Any CPU
		{31004D48-6A6C-D6B7-DCE6-9F03253D7D67}.Debug|Any CPU.ActiveCfg = Debug|Any CPU
		{31004D48-6A6C-D6B7-DCE6-9F03253D7D67}.Debug|Any CPU.Build.0 = Debug|Any CPU
		{31004D48-6A6C-D6B7-DCE6-9F03253D7D67}.Release|Any CPU.ActiveCfg = Release|Any CPU
		{31004D48-6A6C-D6B7-DCE6-9F03253D7D67}.Release|Any CPU.Build.0 = Release|Any CPU
		{EB3C55E8-BCB7-3CCE-1358-D6FE1C94D116}.Debug|Any CPU.ActiveCfg = Debug|Any CPU
		{EB3C55E8-BCB7-3CCE-1358-D6FE1C94D116}.Debug|Any CPU.Build.0 = Debug|Any CPU
		{EB3C55E8-BCB7-3CCE-1358-D6FE1C94D116}.Release|Any CPU.ActiveCfg = Release|Any CPU
		{EB3C55E8-BCB7-3CCE-1358-D6FE1C94D116}.Release|Any CPU.Build.0 = Release|Any CPU
		{DA452FA1-0E88-A322-B38A-42C9D7D18AD9}.Debug|Any CPU.ActiveCfg = Debug|Any CPU
		{DA452FA1-0E88-A322-B38A-42C9D7D18AD9}.Debug|Any CPU.Build.0 = Debug|Any CPU
		{DA452FA1-0E88-A322-B38A-42C9D7D18AD9}.Release|Any CPU.ActiveCfg = Release|Any CPU
		{DA452FA1-0E88-A322-B38A-42C9D7D18AD9}.Release|Any CPU.Build.0 = Release|Any CPU
		{798DCC74-39D7-0702-DB17-58FE628123BE}.Debug|Any CPU.ActiveCfg = Debug|Any CPU
		{798DCC74-39D7-0702-DB17-58FE628123BE}.Debug|Any CPU.Build.0 = Debug|Any CPU
		{798DCC74-39D7-0702-DB17-58FE628123BE}.Release|Any CPU.ActiveCfg = Release|Any CPU
		{798DCC74-39D7-0702-DB17-58FE628123BE}.Release|Any CPU.Build.0 = Release|Any CPU
		{0324133A-C793-1D33-E8AE-D26AC44779CF}.Debug|Any CPU.ActiveCfg = Debug|Any CPU
		{0324133A-C793-1D33-E8AE-D26AC44779CF}.Debug|Any CPU.Build.0 = Debug|Any CPU
		{0324133A-C793-1D33-E8AE-D26AC44779CF}.Release|Any CPU.ActiveCfg = Release|Any CPU
		{0324133A-C793-1D33-E8AE-D26AC44779CF}.Release|Any CPU.Build.0 = Release|Any CPU
		{FDBB485A-9470-4009-2759-80410588DC73}.Debug|Any CPU.ActiveCfg = Debug|Any CPU
		{FDBB485A-9470-4009-2759-80410588DC73}.Debug|Any CPU.Build.0 = Debug|Any CPU
		{FDBB485A-9470-4009-2759-80410588DC73}.Release|Any CPU.ActiveCfg = Release|Any CPU
		{FDBB485A-9470-4009-2759-80410588DC73}.Release|Any CPU.Build.0 = Release|Any CPU
		{3574B791-579B-6BE7-A07B-EC6D6223C0F2}.Debug|Any CPU.ActiveCfg = Debug|Any CPU
		{3574B791-579B-6BE7-A07B-EC6D6223C0F2}.Debug|Any CPU.Build.0 = Debug|Any CPU
		{3574B791-579B-6BE7-A07B-EC6D6223C0F2}.Release|Any CPU.ActiveCfg = Release|Any CPU
		{3574B791-579B-6BE7-A07B-EC6D6223C0F2}.Release|Any CPU.Build.0 = Release|Any CPU
		{C1FE3649-9624-D1C3-6675-B50A9AD8498A}.Debug|Any CPU.ActiveCfg = Debug|Any CPU
		{C1FE3649-9624-D1C3-6675-B50A9AD8498A}.Debug|Any CPU.Build.0 = Debug|Any CPU
		{C1FE3649-9624-D1C3-6675-B50A9AD8498A}.Release|Any CPU.ActiveCfg = Release|Any CPU
		{C1FE3649-9624-D1C3-6675-B50A9AD8498A}.Release|Any CPU.Build.0 = Release|Any CPU
		{01C9EE70-929E-9397-9E76-42A12692636F}.Debug|Any CPU.ActiveCfg = Debug|Any CPU
		{01C9EE70-929E-9397-9E76-42A12692636F}.Debug|Any CPU.Build.0 = Debug|Any CPU
		{01C9EE70-929E-9397-9E76-42A12692636F}.Release|Any CPU.ActiveCfg = Release|Any CPU
		{01C9EE70-929E-9397-9E76-42A12692636F}.Release|Any CPU.Build.0 = Release|Any CPU
	EndGlobalSection
	GlobalSection(SolutionProperties) = preSolution
		HideSolutionNode = FALSE
	EndGlobalSection
EndGlobal
